// !$*UTF8*$!
{
	archiveVersion = 1;
	classes = {
	};
	objectVersion = 46;
	objects = {

/* Begin PBXBuildFile section */
		14F96EEBE91FAC3447FECA3D /* Pods_ActivityList.framework in Frameworks */ = {isa = PBXBuildFile; fileRef = DBD9009C4ADC46DF71FF8267 /* Pods_ActivityList.framework */; };
		507D1DCB1D25E4DD0023243C /* AppDelegate.swift in Sources */ = {isa = PBXBuildFile; fileRef = 507D1DCA1D25E4DD0023243C /* AppDelegate.swift */; };
		507D1DCD1D25E4DD0023243C /* ViewController.swift in Sources */ = {isa = PBXBuildFile; fileRef = 507D1DCC1D25E4DD0023243C /* ViewController.swift */; };
		507D1DD01D25E4DD0023243C /* Main.storyboard in Resources */ = {isa = PBXBuildFile; fileRef = 507D1DCE1D25E4DD0023243C /* Main.storyboard */; };
		507D1DD21D25E4DD0023243C /* Assets.xcassets in Resources */ = {isa = PBXBuildFile; fileRef = 507D1DD11D25E4DD0023243C /* Assets.xcassets */; };
		507D1DD51D25E4DD0023243C /* LaunchScreen.storyboard in Resources */ = {isa = PBXBuildFile; fileRef = 507D1DD31D25E4DD0023243C /* LaunchScreen.storyboard */; };
		507D1DDD1D25ED4A0023243C /* ActivityTableViewCell.swift in Sources */ = {isa = PBXBuildFile; fileRef = 507D1DDC1D25ED4A0023243C /* ActivityTableViewCell.swift */; };
		507D1DDF1D25EF4B0023243C /* ActivityTableViewController.swift in Sources */ = {isa = PBXBuildFile; fileRef = 507D1DDE1D25EF4B0023243C /* ActivityTableViewController.swift */; };
		50975CE51D2B767F00C6B85D /* ActivityModel.xcdatamodeld in Sources */ = {isa = PBXBuildFile; fileRef = 50975CE31D2B767F00C6B85D /* ActivityModel.xcdatamodeld */; };
		50975CE71D2B814C00C6B85D /* AddActivityViewController.swift in Sources */ = {isa = PBXBuildFile; fileRef = 50975CE61D2B814C00C6B85D /* AddActivityViewController.swift */; };
/* End PBXBuildFile section */

/* Begin PBXFileReference section */
		507D1DC71D25E4DD0023243C /* ActivityList.app */ = {isa = PBXFileReference; explicitFileType = wrapper.application; includeInIndex = 0; path = ActivityList.app; sourceTree = BUILT_PRODUCTS_DIR; };
		507D1DCA1D25E4DD0023243C /* AppDelegate.swift */ = {isa = PBXFileReference; lastKnownFileType = sourcecode.swift; path = AppDelegate.swift; sourceTree = "<group>"; };
		507D1DCC1D25E4DD0023243C /* ViewController.swift */ = {isa = PBXFileReference; lastKnownFileType = sourcecode.swift; path = ViewController.swift; sourceTree = "<group>"; };
		507D1DCF1D25E4DD0023243C /* Base */ = {isa = PBXFileReference; lastKnownFileType = file.storyboard; name = Base; path = Base.lproj/Main.storyboard; sourceTree = "<group>"; };
		507D1DD11D25E4DD0023243C /* Assets.xcassets */ = {isa = PBXFileReference; lastKnownFileType = folder.assetcatalog; path = Assets.xcassets; sourceTree = "<group>"; };
		507D1DD41D25E4DD0023243C /* Base */ = {isa = PBXFileReference; lastKnownFileType = file.storyboard; name = Base; path = Base.lproj/LaunchScreen.storyboard; sourceTree = "<group>"; };
		507D1DD61D25E4DD0023243C /* Info.plist */ = {isa = PBXFileReference; lastKnownFileType = text.plist.xml; path = Info.plist; sourceTree = "<group>"; };
		507D1DDC1D25ED4A0023243C /* ActivityTableViewCell.swift */ = {isa = PBXFileReference; fileEncoding = 4; lastKnownFileType = sourcecode.swift; path = ActivityTableViewCell.swift; sourceTree = "<group>"; };
		507D1DDE1D25EF4B0023243C /* ActivityTableViewController.swift */ = {isa = PBXFileReference; fileEncoding = 4; lastKnownFileType = sourcecode.swift; path = ActivityTableViewController.swift; sourceTree = "<group>"; };
		50975CE41D2B767F00C6B85D /* ActivityModel.xcdatamodel */ = {isa = PBXFileReference; lastKnownFileType = wrapper.xcdatamodel; path = ActivityModel.xcdatamodel; sourceTree = "<group>"; };
		50975CE61D2B814C00C6B85D /* AddActivityViewController.swift */ = {isa = PBXFileReference; fileEncoding = 4; lastKnownFileType = sourcecode.swift; path = AddActivityViewController.swift; sourceTree = "<group>"; };
		861FC4BE16433FCFE7DC284F /* Pods-ActivityList.release.xcconfig */ = {isa = PBXFileReference; includeInIndex = 1; lastKnownFileType = text.xcconfig; name = "Pods-ActivityList.release.xcconfig"; path = "Pods/Target Support Files/Pods-ActivityList/Pods-ActivityList.release.xcconfig"; sourceTree = "<group>"; };
		953D38BE511879C4312B3ADC /* Pods-ActivityList.debug.xcconfig */ = {isa = PBXFileReference; includeInIndex = 1; lastKnownFileType = text.xcconfig; name = "Pods-ActivityList.debug.xcconfig"; path = "Pods/Target Support Files/Pods-ActivityList/Pods-ActivityList.debug.xcconfig"; sourceTree = "<group>"; };
		DBD9009C4ADC46DF71FF8267 /* Pods_ActivityList.framework */ = {isa = PBXFileReference; explicitFileType = wrapper.framework; includeInIndex = 0; path = Pods_ActivityList.framework; sourceTree = BUILT_PRODUCTS_DIR; };
/* End PBXFileReference section */

/* Begin PBXFrameworksBuildPhase section */
		507D1DC41D25E4DD0023243C /* Frameworks */ = {
			isa = PBXFrameworksBuildPhase;
			buildActionMask = 2147483647;
			files = (
				14F96EEBE91FAC3447FECA3D /* Pods_ActivityList.framework in Frameworks */,
			);
			runOnlyForDeploymentPostprocessing = 0;
		};
/* End PBXFrameworksBuildPhase section */

/* Begin PBXGroup section */
		138D8D07996896C1131FF8A7 /* Pods */ = {
			isa = PBXGroup;
			children = (
				953D38BE511879C4312B3ADC /* Pods-ActivityList.debug.xcconfig */,
				861FC4BE16433FCFE7DC284F /* Pods-ActivityList.release.xcconfig */,
			);
			name = Pods;
			sourceTree = "<group>";
		};
		507D1DBE1D25E4DD0023243C = {
			isa = PBXGroup;
			children = (
				507D1DC91D25E4DD0023243C /* ActivityList */,
				507D1DC81D25E4DD0023243C /* Products */,
				138D8D07996896C1131FF8A7 /* Pods */,
				5AF0A9D83FB8716186DF1EC9 /* Frameworks */,
			);
			sourceTree = "<group>";
		};
		507D1DC81D25E4DD0023243C /* Products */ = {
			isa = PBXGroup;
			children = (
				507D1DC71D25E4DD0023243C /* ActivityList.app */,
			);
			name = Products;
			sourceTree = "<group>";
		};
		507D1DC91D25E4DD0023243C /* ActivityList */ = {
			isa = PBXGroup;
			children = (
				507D1DCA1D25E4DD0023243C /* AppDelegate.swift */,
				50975CE31D2B767F00C6B85D /* ActivityModel.xcdatamodeld */,
				507D1DCC1D25E4DD0023243C /* ViewController.swift */,
				507D1DCE1D25E4DD0023243C /* Main.storyboard */,
				50975CE61D2B814C00C6B85D /* AddActivityViewController.swift */,
				507D1DDE1D25EF4B0023243C /* ActivityTableViewController.swift */,
				507D1DDC1D25ED4A0023243C /* ActivityTableViewCell.swift */,
				507D1DD11D25E4DD0023243C /* Assets.xcassets */,
				507D1DD31D25E4DD0023243C /* LaunchScreen.storyboard */,
				507D1DD61D25E4DD0023243C /* Info.plist */,
			);
			path = ActivityList;
			sourceTree = "<group>";
		};
		5AF0A9D83FB8716186DF1EC9 /* Frameworks */ = {
			isa = PBXGroup;
			children = (
				DBD9009C4ADC46DF71FF8267 /* Pods_ActivityList.framework */,
			);
			name = Frameworks;
			sourceTree = "<group>";
		};
/* End PBXGroup section */

/* Begin PBXNativeTarget section */
		507D1DC61D25E4DD0023243C /* ActivityList */ = {
			isa = PBXNativeTarget;
			buildConfigurationList = 507D1DD91D25E4DD0023243C /* Build configuration list for PBXNativeTarget "ActivityList" */;
			buildPhases = (
				CE35A3A05DE5E04950470BDF /* [CP] Check Pods Manifest.lock */,
				507D1DC31D25E4DD0023243C /* Sources */,
				507D1DC41D25E4DD0023243C /* Frameworks */,
				507D1DC51D25E4DD0023243C /* Resources */,
				A44EF9C07A363E19D729ED12 /* [CP] Embed Pods Frameworks */,
				3E7F7F128F4DDAABB2B67335 /* [CP] Copy Pods Resources */,
			);
			buildRules = (
			);
			dependencies = (
			);
			name = ActivityList;
			productName = ActivityList;
			productReference = 507D1DC71D25E4DD0023243C /* ActivityList.app */;
			productType = "com.apple.product-type.application";
		};
/* End PBXNativeTarget section */

/* Begin PBXProject section */
		507D1DBF1D25E4DD0023243C /* Project object */ = {
			isa = PBXProject;
			attributes = {
				LastSwiftUpdateCheck = 0730;
				LastUpgradeCheck = 0730;
				ORGANIZATIONNAME = "Yingbo Wang";
				TargetAttributes = {
					507D1DC61D25E4DD0023243C = {
						CreatedOnToolsVersion = 7.3.1;
						DevelopmentTeam = 8YVEPU4MZW;
					};
				};
			};
			buildConfigurationList = 507D1DC21D25E4DD0023243C /* Build configuration list for PBXProject "ActivityList" */;
			compatibilityVersion = "Xcode 3.2";
			developmentRegion = English;
			hasScannedForEncodings = 0;
			knownRegions = (
				en,
				Base,
			);
			mainGroup = 507D1DBE1D25E4DD0023243C;
			productRefGroup = 507D1DC81D25E4DD0023243C /* Products */;
			projectDirPath = "";
			projectRoot = "";
			targets = (
				507D1DC61D25E4DD0023243C /* ActivityList */,
			);
		};
/* End PBXProject section */

/* Begin PBXResourcesBuildPhase section */
		507D1DC51D25E4DD0023243C /* Resources */ = {
			isa = PBXResourcesBuildPhase;
			buildActionMask = 2147483647;
			files = (
				507D1DD51D25E4DD0023243C /* LaunchScreen.storyboard in Resources */,
				507D1DD21D25E4DD0023243C /* Assets.xcassets in Resources */,
				507D1DD01D25E4DD0023243C /* Main.storyboard in Resources */,
			);
			runOnlyForDeploymentPostprocessing = 0;
		};
/* End PBXResourcesBuildPhase section */

/* Begin PBXShellScriptBuildPhase section */
		3E7F7F128F4DDAABB2B67335 /* [CP] Copy Pods Resources */ = {
			isa = PBXShellScriptBuildPhase;
			buildActionMask = 2147483647;
			files = (
			);
			inputPaths = (
			);
			name = "[CP] Copy Pods Resources";
			outputPaths = (
			);
			runOnlyForDeploymentPostprocessing = 0;
			shellPath = /bin/sh;
			shellScript = "\"${SRCROOT}/Pods/Target Support Files/Pods-ActivityList/Pods-ActivityList-resources.sh\"\n";
			showEnvVarsInLog = 0;
		};
		A44EF9C07A363E19D729ED12 /* [CP] Embed Pods Frameworks */ = {
			isa = PBXShellScriptBuildPhase;
			buildActionMask = 2147483647;
			files = (
			);
			inputPaths = (
			);
			name = "[CP] Embed Pods Frameworks";
			outputPaths = (
			);
			runOnlyForDeploymentPostprocessing = 0;
			shellPath = /bin/sh;
			shellScript = "\"${SRCROOT}/Pods/Target Support Files/Pods-ActivityList/Pods-ActivityList-frameworks.sh\"\n";
			showEnvVarsInLog = 0;
		};
		CE35A3A05DE5E04950470BDF /* [CP] Check Pods Manifest.lock */ = {
			isa = PBXShellScriptBuildPhase;
			buildActionMask = 2147483647;
			files = (
			);
			inputPaths = (
			);
			name = "[CP] Check Pods Manifest.lock";
			outputPaths = (
			);
			runOnlyForDeploymentPostprocessing = 0;
			shellPath = /bin/sh;
			shellScript = "diff \"${PODS_ROOT}/../Podfile.lock\" \"${PODS_ROOT}/Manifest.lock\" > /dev/null\nif [[ $? != 0 ]] ; then\n    cat << EOM\nerror: The sandbox is not in sync with the Podfile.lock. Run 'pod install' or update your CocoaPods installation.\nEOM\n    exit 1\nfi\n";
			showEnvVarsInLog = 0;
		};
/* End PBXShellScriptBuildPhase section */

/* Begin PBXSourcesBuildPhase section */
		507D1DC31D25E4DD0023243C /* Sources */ = {
			isa = PBXSourcesBuildPhase;
			buildActionMask = 2147483647;
			files = (
				50975CE51D2B767F00C6B85D /* ActivityModel.xcdatamodeld in Sources */,
				507D1DDF1D25EF4B0023243C /* ActivityTableViewController.swift in Sources */,
				507D1DCD1D25E4DD0023243C /* ViewController.swift in Sources */,
				50975CE71D2B814C00C6B85D /* AddActivityViewController.swift in Sources */,
				507D1DCB1D25E4DD0023243C /* AppDelegate.swift in Sources */,
				507D1DDD1D25ED4A0023243C /* ActivityTableViewCell.swift in Sources */,
			);
			runOnlyForDeploymentPostprocessing = 0;
		};
/* End PBXSourcesBuildPhase section */

/* Begin PBXVariantGroup section */
		507D1DCE1D25E4DD0023243C /* Main.storyboard */ = {
			isa = PBXVariantGroup;
			children = (
				507D1DCF1D25E4DD0023243C /* Base */,
			);
			name = Main.storyboard;
			sourceTree = "<group>";
		};
		507D1DD31D25E4DD0023243C /* LaunchScreen.storyboard */ = {
			isa = PBXVariantGroup;
			children = (
				507D1DD41D25E4DD0023243C /* Base */,
			);
			name = LaunchScreen.storyboard;
			sourceTree = "<group>";
		};
/* End PBXVariantGroup section */

/* Begin XCBuildConfiguration section */
		507D1DD71D25E4DD0023243C /* Debug */ = {
			isa = XCBuildConfiguration;
			buildSettings = {
				ALWAYS_SEARCH_USER_PATHS = NO;
				CLANG_ANALYZER_NONNULL = YES;
				CLANG_CXX_LANGUAGE_STANDARD = "gnu++0x";
				CLANG_CXX_LIBRARY = "libc++";
				CLANG_ENABLE_MODULES = YES;
				CLANG_ENABLE_OBJC_ARC = YES;
				CLANG_WARN_BOOL_CONVERSION = YES;
				CLANG_WARN_CONSTANT_CONVERSION = YES;
				CLANG_WARN_DIRECT_OBJC_ISA_USAGE = YES_ERROR;
				CLANG_WARN_EMPTY_BODY = YES;
				CLANG_WARN_ENUM_CONVERSION = YES;
				CLANG_WARN_INT_CONVERSION = YES;
				CLANG_WARN_OBJC_ROOT_CLASS = YES_ERROR;
				CLANG_WARN_UNREACHABLE_CODE = YES;
				CLANG_WARN__DUPLICATE_METHOD_MATCH = YES;
				"CODE_SIGN_IDENTITY[sdk=iphoneos*]" = "iPhone Developer";
				COPY_PHASE_STRIP = NO;
				DEBUG_INFORMATION_FORMAT = dwarf;
				ENABLE_STRICT_OBJC_MSGSEND = YES;
				ENABLE_TESTABILITY = YES;
				GCC_C_LANGUAGE_STANDARD = gnu99;
				GCC_DYNAMIC_NO_PIC = NO;
				GCC_NO_COMMON_BLOCKS = YES;
				GCC_OPTIMIZATION_LEVEL = 0;
				GCC_PREPROCESSOR_DEFINITIONS = (
					"DEBUG=1",
					"$(inherited)",
				);
				GCC_WARN_64_TO_32_BIT_CONVERSION = YES;
				GCC_WARN_ABOUT_RETURN_TYPE = YES_ERROR;
				GCC_WARN_UNDECLARED_SELECTOR = YES;
				GCC_WARN_UNINITIALIZED_AUTOS = YES_AGGRESSIVE;
				GCC_WARN_UNUSED_FUNCTION = YES;
				GCC_WARN_UNUSED_VARIABLE = YES;
				IPHONEOS_DEPLOYMENT_TARGET = 9.3;
				MTL_ENABLE_DEBUG_INFO = YES;
				ONLY_ACTIVE_ARCH = YES;
				SDKROOT = iphoneos;
				SWIFT_OPTIMIZATION_LEVEL = "-Onone";
			};
			name = Debug;
		};
		507D1DD81D25E4DD0023243C /* Release */ = {
			isa = XCBuildConfiguration;
			buildSettings = {
				ALWAYS_SEARCH_USER_PATHS = NO;
				CLANG_ANALYZER_NONNULL = YES;
				CLANG_CXX_LANGUAGE_STANDARD = "gnu++0x";
				CLANG_CXX_LIBRARY = "libc++";
				CLANG_ENABLE_MODULES = YES;
				CLANG_ENABLE_OBJC_ARC = YES;
				CLANG_WARN_BOOL_CONVERSION = YES;
				CLANG_WARN_CONSTANT_CONVERSION = YES;
				CLANG_WARN_DIRECT_OBJC_ISA_USAGE = YES_ERROR;
				CLANG_WARN_EMPTY_BODY = YES;
				CLANG_WARN_ENUM_CONVERSION = YES;
				CLANG_WARN_INT_CONVERSION = YES;
				CLANG_WARN_OBJC_ROOT_CLASS = YES_ERROR;
				CLANG_WARN_UNREACHABLE_CODE = YES;
				CLANG_WARN__DUPLICATE_METHOD_MATCH = YES;
				"CODE_SIGN_IDENTITY[sdk=iphoneos*]" = "iPhone Developer";
				COPY_PHASE_STRIP = NO;
				DEBUG_INFORMATION_FORMAT = "dwarf-with-dsym";
				ENABLE_NS_ASSERTIONS = NO;
				ENABLE_STRICT_OBJC_MSGSEND = YES;
				GCC_C_LANGUAGE_STANDARD = gnu99;
				GCC_NO_COMMON_BLOCKS = YES;
				GCC_WARN_64_TO_32_BIT_CONVERSION = YES;
				GCC_WARN_ABOUT_RETURN_TYPE = YES_ERROR;
				GCC_WARN_UNDECLARED_SELECTOR = YES;
				GCC_WARN_UNINITIALIZED_AUTOS = YES_AGGRESSIVE;
				GCC_WARN_UNUSED_FUNCTION = YES;
				GCC_WARN_UNUSED_VARIABLE = YES;
				IPHONEOS_DEPLOYMENT_TARGET = 9.3;
				MTL_ENABLE_DEBUG_INFO = NO;
				SDKROOT = iphoneos;
				VALIDATE_PRODUCT = YES;
			};
			name = Release;
		};
		507D1DDA1D25E4DD0023243C /* Debug */ = {
			isa = XCBuildConfiguration;
			baseConfigurationReference = 953D38BE511879C4312B3ADC /* Pods-ActivityList.debug.xcconfig */;
			buildSettings = {
				ASSETCATALOG_COMPILER_APPICON_NAME = AppIcon;
				INFOPLIST_FILE = ActivityList/Info.plist;
				LD_RUNPATH_SEARCH_PATHS = "$(inherited) @executable_path/Frameworks";
				PRODUCT_BUNDLE_IDENTIFIER = com.MaxWang.ActivityList;
				PRODUCT_NAME = "$(TARGET_NAME)";
			};
			name = Debug;
		};
		507D1DDB1D25E4DD0023243C /* Release */ = {
			isa = XCBuildConfiguration;
			baseConfigurationReference = 861FC4BE16433FCFE7DC284F /* Pods-ActivityList.release.xcconfig */;
			buildSettings = {
				ASSETCATALOG_COMPILER_APPICON_NAME = AppIcon;
				INFOPLIST_FILE = ActivityList/Info.plist;
				LD_RUNPATH_SEARCH_PATHS = "$(inherited) @executable_path/Frameworks";
				PRODUCT_BUNDLE_IDENTIFIER = com.MaxWang.ActivityList;
				PRODUCT_NAME = "$(TARGET_NAME)";
			};
			name = Release;
		};
/* End XCBuildConfiguration section */

/* Begin XCConfigurationList section */
		507D1DC21D25E4DD0023243C /* Build configuration list for PBXProject "ActivityList" */ = {
			isa = XCConfigurationList;
			buildConfigurations = (
				507D1DD71D25E4DD0023243C /* Debug */,
				507D1DD81D25E4DD0023243C /* Release */,
			);
			defaultConfigurationIsVisible = 0;
			defaultConfigurationName = Release;
		};
		507D1DD91D25E4DD0023243C /* Build configuration list for PBXNativeTarget "ActivityList" */ = {
			isa = XCConfigurationList;
			buildConfigurations = (
				507D1DDA1D25E4DD0023243C /* Debug */,
				507D1DDB1D25E4DD0023243C /* Release */,
			);
			defaultConfigurationIsVisible = 0;
			defaultConfigurationName = Release;
		};
/* End XCConfigurationList section */

/* Begin XCVersionGroup section */
		50975CE31D2B767F00C6B85D /* ActivityModel.xcdatamodeld */ = {
			isa = XCVersionGroup;
			children = (
				50975CE41D2B767F00C6B85D /* ActivityModel.xcdatamodel */,
			);
			currentVersion = 50975CE41D2B767F00C6B85D /* ActivityModel.xcdatamodel */;
			path = ActivityModel.xcdatamodeld;
			sourceTree = "<group>";
			versionGroupType = wrapper.xcdatamodel;
		};
/* End XCVersionGroup section */
	};
	rootObject = 507D1DBF1D25E4DD0023243C /* Project object */;
}
